4d63.com/gochecknoglobals v0.1.0 h1:zeZSRqj5yCg28tCkIV/z/lWbwvNm5qnKVS15PI8nhD0=
github.com/AccumulateNetwork/jsonrpc2/v15 v15.0.0-20220517212445-953ad957e040 h1:YR9b2mCxikJzdAfLjhRKgED1+21TyAs0KF5lOQ80h18=
github.com/AndreasBriese/bbloom v0.0.0-20190825152654-46b345b51c96 h1:cTp8I5+VIoKjsnZuH8vjyaysT/ses3EvZeaV/1UkF2M=
github.com/Antonboom/errname v0.1.7 h1:mBBDKvEYwPl4WFFNwec1CZO096G6vzK9vvDQzAwkako=
github.com/Antonboom/nilnil v0.1.1 h1:PHhrh5ANKFWRBh7TdYmyyq2gyT2lotnvFvvFbylF81Q=
github.com/BurntSushi/toml v1.2.0 h1:Rt8g24XnyGTyglgET/PRUNlrUeu9F5L+7FilkXfZgs0=
github.com/DataDog/zstd v1.4.5 h1:EndNeuB0l9syBZhut0wns3gV1hL8zX8LIu6ZiVHWLIQ=
github.com/Djarvur/go-err113 v0.0.0-20210108212216-aea10b59be24 h1:sHglBQTwgx+rWPdisA5ynNEsoARbiCBOyGcJM4/OzsM=
github.com/GaijinEntertainment/go-exhaustruct/v2 v2.3.0 h1:+r1rSv4gvYn0wmRjC8X7IAzX8QezqtFV9m0MUHFJgts=
github.com/Masterminds/semver v1.5.0 h1:H65muMkzWKEuNDnfl9d70GUjFniHKHRbFPGBuZ3QEww=
github.com/OpenPeeDeeP/depguard v1.1.0 h1:pjK9nLPS1FwQYGGpPxoMYpe7qACHOhAWQMQzV71i49o=
github.com/aead/siphash v1.0.1/go.mod h1:Nywa3cDsYNNK3gaciGTWPwHt0wlpNV15vwmswBAUSII=
github.com/alexkohler/prealloc v1.0.0 h1:Hbq0/3fJPQhNkN0dR95AVrr6R7tou91y0uHG5pOcUuw=
github.com/alingse/asasalint v0.0.11 h1:SFwnQXJ49Kx/1GghOFz1XGqHYKp21Kq1nHad/0WQRnw=
github.com/ashanbrown/forbidigo v1.3.0 h1:VkYIwb/xxdireGAdJNZoo24O4lmnEWkactplBlWTShc=
github.com/ashanbrown/makezero v1.1.1 h1:iCQ87C0V0vSyO+M9E/FZYbu65auqH0lnsOkf5FcB28s=
github.com/beorn7/perks v1.0.1 h1:VlbKKnNfV8bJzeqoa4cOKqO6bYr3WgKZxO8Z16+hsOM=
github.com/bkielbasa/cyclop v1.2.0 h1:7Jmnh0yL2DjKfw28p86YTd/B4lRGcNuu12sKE35sM7A=
github.com/blizzy78/varnamelen v0.8.0 h1:oqSblyuQvFsW1hbBHh1zfwrKe3kcSj0rnXkKzsQ089M=
github.com/bombsimon/wsl/v3 v3.3.0 h1:Mka/+kRLoQJq7g2rggtgQsjuI/K5Efd87WX96EWFxjM=
github.com/breml/bidichk v0.2.3 h1:qe6ggxpTfA8E75hdjWPZ581sY3a2lnl0IRxLQFelECI=
github.com/breml/errchkjson v0.3.0 h1:YdDqhfqMT+I1vIxPSas44P+9Z9HzJwCeAzjB8PxP1xw=
github.com/btcsuite/btcd v0.20.1-beta/go.mod h1:wVuoA8VJLEcwgqHBwHmzLRazpKxTv13Px/pDuV7OomQ=
github.com/btcsuite/btcd v0.22.1 h1:CnwP9LM/M9xuRrGSCGeMVs9iv09uMqwsVX7EeIpgV2c=
github.com/btcsuite/btcd v0.22.1/go.mod h1:wqgTSL29+50LRkmOVknEdmt8ZojIzhuWvgu/iptuN7Y=
github.com/btcsuite/btcd/btcec/v2 v2.2.0 h1:fzn1qaOt32TuLjFlkzYSsBC35Q3KUjT1SwPxiMSCF5k=
github.com/btcsuite/btcd/btcec/v2 v2.2.0/go.mod h1:U7MHm051Al6XmscBQ0BoNydpOTsFAn707034b5nY8zU=
github.com/btcsuite/btcd/chaincfg/chainhash v1.0.1 h1:q0rUy8C/TYNBQS1+CGKw68tLOFYSNEs0TFnxxnS9+4U=
github.com/btcsuite/btclog v0.0.0-20170628155309-84c8d2346e9f/go.mod h1:TdznJufoqS23FtqVCzL0ZqgP5MqXbb4fg/WgDys70nA=
github.com/btcsuite/btcutil v0.0.0-20190425235716-9e5f4b9a998d/go.mod h1:+5NJ2+qvTyV9exUAL/rxXi3DcLg2Ts+ymUAY5y4NvMg=
github.com/btcsuite/btcutil v1.0.3-0.20201208143702-a53e38424cce h1:YtWJF7RHm2pYCvA5t0RPmAaLUhREsKuKd+SLhxFbFeQ=
github.com/btcsuite/btcutil v1.0.3-0.20201208143702-a53e38424cce/go.mod h1:0DVlHczLPewLcPGEIeUEzfOJhqGPQ0mJJRDBtD307+o=
github.com/btcsuite/go-socks v0.0.0-20170105172521-4720035b7bfd/go.mod h1:HHNXQzUsZCxOoE+CPiyCTO6x34Zs86zZUiwtpXoGdtg=
github.com/btcsuite/goleveldb v0.0.0-20160330041536-7834afc9e8cd/go.mod h1:F+uVaaLLH7j4eDXPRvw78tMflu7Ie2bzYOH4Y8rRKBY=
github.com/btcsuite/snappy-go v0.0.0-20151229074030-0bdef8d06723/go.mod h1:8woku9dyThutzjeg+3xrA5iCpBRH8XEEg3lh6TiUghc=
github.com/btcsuite/websocket v0.0.0-20150119174127-31079b680792/go.mod h1:ghJtEyQwv5/p4Mg4C0fgbePVuGr935/5ddU9Z3TmDRY=
github.com/btcsuite/winsvc v1.0.0/go.mod h1:jsenWakMcC0zFBFurPLEAyrnc/teJEM1O46fmI40EZs=
github.com/butuzov/ireturn v0.1.1 h1:QvrO2QF2+/Cx1WA/vETCIYBKtRjc30vesdoPUNo1EbY=
github.com/cespare/xxhash v1.1.0 h1:a6HrQnmkObjyL+Gs60czilIUGqrzKutQD6XZog3p+ko=
github.com/cespare/xxhash/v2 v2.1.2 h1:YRXhKfTDauu4ajMg1TPgFO5jnlC2HCbmLXMcTG5cbYE=
github.com/charithe/durationcheck v0.0.9 h1:mPP4ucLrf/rKZiIG/a9IPXHGlh8p4CzgpyTy6EEutYk=
github.com/chavacava/garif v0.0.0-20220630083739-93517212f375 h1:E7LT642ysztPWE0dfz43cWOvMiF42DyTRC+eZIaO4yI=
github.com/coreos/go-semver v0.3.0 h1:wkHLiw0WNATZnSG7epLsujiMCgPAc9xhjJ4tgnAxmfM=
github.com/coreos/go-systemd/v22 v22.3.3-0.20220203105225-a9a7ef127534 h1:rtAn27wIbmOGUs7RIbVgPEjb31ehTVniDwPGXyMxm5U=
github.com/coreos/go-systemd/v22 v22.3.3-0.20220203105225-a9a7ef127534/go.mod h1:Y58oyj3AT4RCenI/lSvhwexgC+NSVTIJ3seZv2GcEnc=
github.com/cosmos/gogoproto v1.4.1 h1:WoyH+0/jbCTzpKNvyav5FL1ZTWsp1im1MxEpJEzKUB8=
github.com/creachadair/taskgroup v0.3.2 h1:zlfutDS+5XG40AOxcHDSThxKzns8Tnr9jnr6VqkYlkM=
github.com/creack/pty v1.1.9/go.mod h1:oKZEueFk5CKHvIhNR5MUki03XCEU+Q6VDXinZuGJ33E=
github.com/curioswitch/go-reassign v0.1.2 h1:ekM07+z+VFT560Exz4mTv0/s1yU9gem6CJc/tlYpkmI=
github.com/daixiang0/gci v0.6.3 h1:wUAqXChk8HbwXn8AfxD9DYSCp9Bpz1L3e6Q4Roe+q9E=
github.com/davecgh/go-spew v0.0.0-20171005155431-ecdeabc65495/go.mod h1:J7Y8YcW2NihsgmVo/mv3lAwl/skON4iLHjSsI+c5H38=
github.com/davecgh/go-spew v1.1.0/go.mod h1:J7Y8YcW2NihsgmVo/mv3lAwl/skON4iLHjSsI+c5H38=
github.com/davecgh/go-spew v1.1.1/go.mod h1:J7Y8YcW2NihsgmVo/mv3lAwl/skON4iLHjSsI+c5H38=
github.com/davecgh/go-spew v1.1.2-0.20180830191138-d8f796af33cc h1:U9qPSI2PIWSS1VwoXQT9A3Wy9MM3WgvqSxFWenqJduM=
github.com/davecgh/go-spew v1.1.2-0.20180830191138-d8f796af33cc/go.mod h1:J7Y8YcW2NihsgmVo/mv3lAwl/skON4iLHjSsI+c5H38=
github.com/decred/dcrd/crypto/blake256 v1.0.0 h1:/8DMNYp9SGi5f0w7uCm6d6M4OU2rGFK09Y2A4Xv7EE0=
github.com/decred/dcrd/crypto/blake256 v1.0.0/go.mod h1:sQl2p6Y26YV+ZOcSTP6thNdn47hh8kt6rqSlvmrXFAc=
github.com/decred/dcrd/dcrec/secp256k1/v4 v4.0.1 h1:YLtO71vCjJRCBcrPMtQ9nqBsqpA1m5sE92cU+pd5Mcc=
github.com/decred/dcrd/dcrec/secp256k1/v4 v4.0.1/go.mod h1:hyedUtir6IdtD/7lIxGeCxkaw7y45JueMRL4DIyJDKs=
github.com/denis-tingaikin/go-header v0.4.3 h1:tEaZKAlqql6SKCY++utLmkPLd6K8IBM20Ha7UVm+mtU=
github.com/dgraph-io/badger v1.6.2 h1:mNw0qs90GVgGGWylh0umH5iag1j6n/PeJtNvL6KY/x8=
github.com/dgraph-io/badger/v2 v2.2007.2 h1:EjjK0KqwaFMlPin1ajhP943VPENHJdEz1KLIegjaI3k=
github.com/dgraph-io/ristretto v0.0.4-0.20210122082011-bb5d392ed82d h1:eQYOG6A4td1tht0NdJB9Ls6DsXRGb2Ft6X9REU/MbbE=
github.com/dgryski/go-farm v0.0.0-20200201041132-a6ae2369ad13 h1:fAjc9m62+UWV/WAFKLNi6ZS0675eEUC9y3AlwSbQu1Y=
github.com/dnephin/pflag v1.0.7 h1:oxONGlWxhmUct0YzKTgrpQv9AUA1wtPBn7zuSjJqptk=
github.com/dustin/go-humanize v1.0.0 h1:VSnTsYCnlFHaM2/igO1h6X3HA71jcobQuxemgkq4zYo=
github.com/esimonov/ifshort v1.0.4 h1:6SID4yGWfRae/M7hkVDVVyppy8q/v9OuxNdmjLQStBA=
github.com/ethereum/go-ethereum v1.10.25 h1:5dFrKJDnYf8L6/5o42abCE6a9yJm9cs4EJVRyYMr55s=
github.com/ethereum/go-ethereum v1.10.25/go.mod h1:EYFyF19u3ezGLD4RqOkLq+ZCXzYbLoNDdZlMt7kyKFg=
github.com/ettle/strcase v0.1.1 h1:htFueZyVeE1XNnMEfbqp5r67qAN/4r6ya1ysq8Q+Zcw=
github.com/fatih/color v1.13.0 h1:8LOYc1KYPPmyKMuN8QV2DNRWNbLo6LZ0iLs8+mlH53w=
github.com/fatih/structtag v1.2.0 h1:/OdNE99OxoI/PqaW/SuSK9uxxT3f/tcSZgon/ssNSx4=
github.com/firefart/nonamedreturns v1.0.4 h1:abzI1p7mAEPYuR4A+VLKn4eNDOycjYo2phmY9sfv40Y=
github.com/fsnotify/fsnotify v1.4.7/go.mod h1:jwhsz4b93w/PPRr/qN1Yymfu8t87LnFCMoQvtojpjFo=
github.com/fsnotify/fsnotify v1.5.4 h1:jRbGcIw6P2Meqdwuo0H1p6JVLbL5DHKAKlYndzMwVZI=
github.com/fzipp/gocyclo v0.6.0 h1:lsblElZG7d3ALtGMx9fmxeTKZaLLpU8mET09yN4BBLo=
github.com/go-critic/go-critic v0.6.4 h1:tucuG1pvOyYgpBIrVxw0R6gwO42lNa92Aq3VaDoIs+E=
github.com/go-kit/kit v0.12.0 h1:e4o3o3IsBfAKQh5Qbbiqyfu97Ku7jrO/JbohvztANh4=
github.com/go-kit/log v0.2.1 h1:MRVx0/zhvdseW+Gza6N9rVzU/IVzaeE1SFI4raAhmBU=
github.com/go-kit/log v0.2.1/go.mod h1:NwTd00d/i8cPZ3xOwwiv2PO5MOcx78fFErGNcVmBjv0=
github.com/go-logfmt/logfmt v0.5.1 h1:otpy5pqBCBZ1ng9RQ0dPu4PN7ba75Y/aA+UpowDyNVA=
github.com/go-logfmt/logfmt v0.5.1/go.mod h1:WYhtIu8zTZfxdn5+rREduYbwxfcBr/Vr6KEVveWlfTs=
github.com/go-logr/logr v1.2.3 h1:2DntVwHkVopvECVRSlL5PSo9eG+cAkDCuckLubN+rq0=
github.com/go-logr/stdr v1.2.2 h1:hSWxHoqTgW2S2qGc0LTAI563KZ5YKYRhT3MFKZMbjag=
github.com/go-playground/assert/v2 v2.2.0 h1:JvknZsQTYeFEAhQwI4qEt9cyV5ONwRHC+lYKSsYSR8s=
github.com/go-playground/locales v0.14.1 h1:EWaQ/wswjilfKLTECiXz7Rh+3BjFhfDFKv/oXslEjJA=
github.com/go-playground/locales v0.14.1/go.mod h1:hxrqLVvrK65+Rwrd5Fc6F2O76J/NuW9t0sjnWqG1slY=
github.com/go-playground/universal-translator v0.18.1 h1:Bcnm0ZwsGyWbCzImXv+pAJnYK9S473LQFuzCbDbfSFY=
github.com/go-playground/universal-translator v0.18.1/go.mod h1:xekY+UJKNuX9WP91TpwSH2VMlDf28Uj24BCp08ZFTUY=
github.com/go-playground/validator/v10 v10.11.2 h1:q3SHpufmypg+erIExEKUmsgmhDTyhcJ38oeKGACXohU=
github.com/go-playground/validator/v10 v10.11.2/go.mod h1:NieE624vt4SCTJtD87arVLvdmjPAeV8BQlHtMnw9D7s=
github.com/go-toolsmith/astcast v1.0.0 h1:JojxlmI6STnFVG9yOImLeGREv8W2ocNUM+iOhR6jE7g=
github.com/go-toolsmith/astcopy v1.0.1 h1:l09oBhAPyV74kLJ3ZO31iBU8htZGTwr9LTjuMCyL8go=
github.com/go-toolsmith/astequal v1.0.2 h1:+XvaV8zNxua+9+Oa4AHmgmpo4RYAbwr/qjNppLfX2yM=
github.com/go-toolsmith/astfmt v1.0.0 h1:A0vDDXt+vsvLEdbMFJAUBI/uTbRw1ffOPnxsILnFL6k=
github.com/go-toolsmith/astp v1.0.0 h1:alXE75TXgcmupDsMK1fRAy0YUzLzqPVvBKoyWV+KPXg=
github.com/go-toolsmith/strparse v1.0.0 h1:Vcw78DnpCAKlM20kSbAyO4mPfJn/lyYA4BJUDxe2Jb4=
github.com/go-toolsmith/typep v1.0.2 h1:8xdsa1+FSIH/RhEkgnD1j2CJOy5mNllW1Q9tRiYwvlk=
github.com/go-xmlfmt/xmlfmt v0.0.0-20191208150333-d5b6f63a941b h1:khEcpUM4yFcxg4/FHQWkvVRmgijNXRfzkIDHh23ggEo=
github.com/gobwas/glob v0.2.3 h1:A4xDbljILXROh+kObIiy5kIaPYD8e96x1tgBhUI5J+Y=
github.com/godbus/dbus/v5 v5.0.4/go.mod h1:xhWf0FNVPg57R7Z0UbKHbJfkEywrmjJnf7w5xrFpKfA=
github.com/gofrs/flock v0.8.1 h1:+gYjHKf32LDeiEEFhQaotPbLuUXjY5ZqxKgXy7n59aw=
github.com/gogo/protobuf v1.3.2 h1:Ov1cvc58UF3b5XjBnZv7+opcTcQFZebYjWzi34vdm4Q=
github.com/golang/mock v1.6.0 h1:ErTB+efbowRARo13NNdxyJji2egdxLGQhRaY+DUumQc=
github.com/golang/protobuf v1.2.0/go.mod h1:6lQm79b+lXiMfvg/cZm0SGofjICqVBUtrP5yJMmIC1U=
github.com/golang/protobuf v1.5.2 h1:ROPKBNFfQgOUMifHyP+KYbvpjbdoFNs+aK7DXlji0Tw=
github.com/golang/snappy v0.0.4 h1:yAGX7huGHXlcLOEtBnF4w7FQwA26wojNCwOYAEhLjQM=
github.com/golangci/check v0.0.0-20180506172741-cfe4005ccda2 h1:23T5iq8rbUYlhpt5DB4XJkc6BU31uODLD1o1gKvZmD0=
github.com/golangci/dupl v0.0.0-20180902072040-3e9179ac440a h1:w8hkcTqaFpzKqonE9uMCefW1WDie15eSP/4MssdenaM=
github.com/golangci/go-misc v0.0.0-20220329215616-d24fe342adfe h1:6RGUuS7EGotKx6J5HIP8ZtyMdiDscjMLfRBSPuzVVeo=
github.com/golangci/gofmt v0.0.0-20190930125516-244bba706f1a h1:iR3fYXUjHCR97qWS8ch1y9zPNsgXThGwjKPrYfqMPks=
github.com/golangci/golangci-lint v1.49.0 h1:I8WHOavragDttlLHtSraHn/h39C+R60bEQ5NoGcHQr8=
github.com/golangci/lint-1 v0.0.0-20191013205115-297bf364a8e0 h1:MfyDlzVjl1hoaPzPD4Gpb/QgoRfSBR0jdhwGyAWwMSA=
github.com/golangci/maligned v0.0.0-20180506175553-b1d89398deca h1:kNY3/svz5T29MYHubXix4aDDuE3RWHkPvopM/EDv/MA=
github.com/golangci/misspell v0.3.5 h1:pLzmVdl3VxTOncgzHcvLOKirdvcx/TydsClUQXTehjo=
github.com/golangci/revgrep v0.0.0-20220804021717-745bb2f7c2e6 h1:DIPQnGy2Gv2FSA4B/hh8Q7xx3B7AIDk3DAMeHclH1vQ=
github.com/golangci/unconvert v0.0.0-20180507085042-28b1c447d1f4 h1:zwtduBRr5SSWhqsYNgcuWO2kFlpdOZbP0+yRjmvPGys=
github.com/google/btree v1.0.0 h1:0udJVsspx3VBr5FwtLhQQtuAsVc79tTq0ocGIPAU6qo=
github.com/google/go-cmp v0.5.8 h1:e6P7q2lk1O+qJJb4BtCQXlK8vWEO8V1ZeuEdJNOqZyg=
github.com/google/orderedcode v0.0.1 h1:UzfcAexk9Vhv8+9pNOgRu41f16lHq725vPwnSeiG/Us=
github.com/google/shlex v0.0.0-20191202100458-e7afc7fbc510 h1:El6M4kTTCOh6aBiKaUGG7oYTSPP8MxqL4YI3kZKwcP4=
github.com/gordonklaus/ineffassign v0.0.0-20210914165742-4cc7213b9bc8 h1:PVRE9d4AQKmbelZ7emNig1+NT27DUmKZn5qXxfio54U=
github.com/gorilla/websocket v1.5.0 h1:PPwGk2jz7EePpoHN/+ClbZu8SPxiqlu12wZP/3sWmnc=
github.com/gostaticanalysis/analysisutil v0.7.1 h1:ZMCjoue3DtDWQ5WyU16YbjbQEQ3VuzwxALrpYd+HeKk=
github.com/gostaticanalysis/comment v1.4.2 h1:hlnx5+S2fY9Zo9ePo4AhgYsYHbM2+eAv8m/s1JiCd6Q=
github.com/gostaticanalysis/forcetypeassert v0.1.0 h1:6eUflI3DiGusXGK6X7cCcIgVCpZ2CiZ1Q7jl6ZxNV70=
github.com/gostaticanalysis/nilerr v0.1.1 h1:ThE+hJP0fEp4zWLkWHWcRyI2Od0p7DlgYG3Uqrmrcpk=
github.com/gtank/merlin v0.1.1 h1:eQ90iG7K9pOhtereWsmyRJ6RAwcP4tHTDBHXNg+u5is=
github.com/hashicorp/errwrap v1.1.0 h1:OxrOeh75EUXMY8TBjag2fzXGZ40LB6IKw45YeGUDY2I=
github.com/hashicorp/go-multierror v1.1.1 h1:H5DkEtf6CXdFp0N0Em5UCwQpXMWke8IA0+lD48awMYo=
github.com/hashicorp/go-version v1.6.0 h1:feTTfFNnjP967rlCxM/I9g701jU+RN74YKx2mOkIeek=
github.com/hashicorp/hcl v1.0.0 h1:0Anlzjpi4vEasTeNFn2mLJgTSwt0+6sfsiTG8qcWGx4=
github.com/hexops/gotextdiff v1.0.3 h1:gitA9+qJrrTCsiCl7+kh75nPqQt1cx4ZkudSTLoUqJM=
github.com/hpcloud/tail v1.0.0/go.mod h1:ab1qPbhIpdTxEkNHXyeSf5vhxWSCs/tWer42PpOxQnU=
github.com/inconshreveable/mousetrap v1.0.0 h1:Z8tu5sraLXCXIcARxBp/8cbvlwVa7Z1NHg9XEKhtSvM=
github.com/jessevdk/go-flags v0.0.0-20141203071132-1679536dcc89/go.mod h1:4FA24M0QyGHXBuZZK/XkWh8h0e1EYbRYJSGM75WSRxI=
github.com/jgautheron/goconst v1.5.1 h1:HxVbL1MhydKs8R8n/HE5NPvzfaYmQJA3o879lE4+WcM=
github.com/jingyugao/rowserrcheck v1.1.1 h1:zibz55j/MJtLsjP1OF4bSdgXxwL1b+Vn7Tjzq7gFzUs=
github.com/jirfag/go-printf-func-name v0.0.0-20200119135958-7558a9eaa5af h1:KA9BjwUk7KlCh6S9EAGWBt1oExIUv9WyNCiRz5amv48=
github.com/jmhodges/levigo v1.0.0 h1:q5EC36kV79HWeTBWsod3mG11EgStG3qArTKcvlksN1U=
github.com/jonboulle/clockwork v0.2.2 h1:UOGuzwb1PwsrDAObMuhUnj0p5ULPj8V/xJ7Kx9qUBdQ=
github.com/jrick/logrotate v1.0.0/go.mod h1:LNinyqDIJnpAur+b8yyulnQw/wDuN1+BYKlTRt3OuAQ=
github.com/json-iterator/go v1.1.12 h1:PV8peI4a0ysnczrg+LtxykD8LfKY9ML6u2jnxaEnrnM=
github.com/julz/importas v0.1.0 h1:F78HnrsjY3cR7j0etXy5+TU1Zuy7Xt08X/1aJnH5xXY=
github.com/kardianos/service v1.2.0 h1:bGuZ/epo3vrt8IPC7mnKQolqFeYJb7Cs8Rk4PSOBB/g=
github.com/kardianos/service v1.2.0/go.mod h1:CIMRFEJVL+0DS1a3Nx06NaMn4Dz63Ng6O7dl0qH0zVM=
github.com/kisielk/errcheck v1.6.2 h1:uGQ9xI8/pgc9iOoCe7kWQgRE6SBTrCGmTSf0LrEtY7c=
github.com/kisielk/gotool v1.0.0 h1:AV2c/EiW3KqPNT9ZKl07ehoAGi4C5/01Cfbblndcapg=
github.com/kkdai/bstream v0.0.0-20161212061736-f391b8402d23/go.mod h1:J+Gs4SYgM6CZQHDETBtE9HaSEkGmuNXF86RwHhHUvq4=
github.com/kr/pretty v0.3.0 h1:WgNl7dwNpEZ6jJ9k1snq4pZsg7DOEN8hP9Xw0Tsjwk0=
github.com/kr/text v0.2.0 h1:5Nx0Ya0ZqY2ygV366QzturHI13Jq95ApcVaJBhpS+AY=
github.com/kr/text v0.2.0/go.mod h1:eLer722TekiGuMkidMxC/pM04lWEeraHUUmBw8l2grE=
github.com/kulti/thelper v0.6.3 h1:ElhKf+AlItIu+xGnI990no4cE2+XaSu1ULymV2Yulxs=
github.com/kunwardeep/paralleltest v1.0.6 h1:FCKYMF1OF2+RveWlABsdnmsvJrei5aoyZoaGS+Ugg8g=
github.com/kyoh86/exportloopref v0.1.8 h1:5Ry/at+eFdkX9Vsdw3qU4YkvGtzuVfzT4X7S77LoN/M=
github.com/labstack/gommon v0.4.0 h1:y7cvthEAEbU0yHOf4axH8ZG2NH8knB9iNSoTO8dyIk8=
github.com/labstack/gommon v0.4.0/go.mod h1:uW6kP17uPlLJsD3ijUYn3/M5bAxtlZhMI6m3MFxTMTM=
github.com/ldez/gomoddirectives v0.2.3 h1:y7MBaisZVDYmKvt9/l1mjNCiSA1BVn34U0ObUcJwlhA=
github.com/ldez/tagliatelle v0.3.1 h1:3BqVVlReVUZwafJUwQ+oxbx2BEX2vUG4Yu/NOfMiKiM=
github.com/leodido/go-urn v1.2.1 h1:BqpAaACuzVSgi/VLzGZIobT2z4v53pjosyNd9Yv6n/w=
github.com/leodido/go-urn v1.2.1/go.mod h1:zt4jvISO2HfUBqxjfIshjdMTYS56ZS/qv49ictyFfxY=
github.com/leonklingele/grouper v1.1.0 h1:tC2y/ygPbMFSBOs3DcyaEMKnnwH7eYKzohOtRrf0SAg=
github.com/lib/pq v1.10.7 h1:p7ZhMD+KsSRozJr34udlUrhboJwWAgCg34+/ZZNvZZw=
github.com/libp2p/go-buffer-pool v0.1.0 h1:oK4mSFcQz7cTQIfqbe4MIj9gLW+mnanjyFtc6cdF0Y8=
github.com/lufeee/execinquery v1.2.1 h1:hf0Ems4SHcUGBxpGN7Jz78z1ppVkP/837ZlETPCEtOM=
github.com/magiconair/properties v1.8.6 h1:5ibWZ6iY0NctNGWo87LalDlEZ6R41TqbbDamhfG/Qzo=
github.com/maratori/testpackage v1.1.0 h1:GJY4wlzQhuBusMF1oahQCBtUV/AQ/k69IZ68vxaac2Q=
github.com/matoous/godox v0.0.0-20210227103229-6504466cf951 h1:pWxk9e//NbPwfxat7RXkts09K+dEBJWakUWwICVqYbA=
github.com/mattn/go-colorable v0.1.11/go.mod h1:u5H1YNBxpqRaxsYJYSkiCWKzEfiAb1Gb520KVy5xxl4=
github.com/mattn/go-colorable v0.1.12/go.mod h1:u5H1YNBxpqRaxsYJYSkiCWKzEfiAb1Gb520KVy5xxl4=
github.com/mattn/go-colorable v0.1.13 h1:fFA4WZxdEF4tXPZVKMLwD8oUnCTTo08duU7wxecdEvA=
github.com/mattn/go-colorable v0.1.13/go.mod h1:7S9/ev0klgBDR4GtXTXX8a3vIGJpMovkB8vQcUbaXHg=
github.com/mattn/go-isatty v0.0.14/go.mod h1:7GGIvUiUoEMVVmxf/4nioHXj79iQHKdU27kJ6hsGG94=
github.com/mattn/go-isatty v0.0.16 h1:bq3VjFmv/sOjHtdEhmkEV4x1AJtvUvOJ2PFAZ5+peKQ=
github.com/mattn/go-isatty v0.0.16/go.mod h1:kYGgaQfpe5nmfYZH+SKPsOc2e4SrIfOl2e/yFXSvRLM=
github.com/mattn/go-runewidth v0.0.9 h1:Lm995f3rfxdpd6TSmuVCHVb/QhupuXlYr8sCI/QdE+0=
github.com/matttproud/golang_protobuf_extensions v1.0.2-0.20181231171920-c182affec369 h1:I0XW9+e1XWDxdcEniV4rQAIOPUGDq67JSCiRCgGCZLI=
github.com/mbilski/exhaustivestruct v1.2.0 h1:wCBmUnSYufAHO6J4AVWY6ff+oxWxsVFrwgOdMUQePUo=
github.com/mgechev/revive v1.2.3 h1:NzIEEa9+WimQ6q2Ov7OcNeySS/IOcwtkQ8RAh0R5UJ4=
github.com/mimoo/StrobeGo v0.0.0-20210601165009-122bf33a46e0 h1:QRUSJEgZn2Snx0EmT/QLXibWjSUDjKWvXIT19NBVp94=
github.com/minio/highwayhash v1.0.2 h1:Aak5U0nElisjDCfPSG79Tgzkn2gl66NxOMspRrKnA/g=
github.com/mitchellh/go-homedir v1.1.0 h1:lukF9ziXFxDFPkA1vsr5zpc1XuPDn/wFntq5mG+4E0Y=
github.com/mitchellh/mapstructure v1.5.0 h1:jeMsZIYE/09sWLaz43PL7Gy6RuMjD2eJVyuac5Z2hdY=
github.com/modern-go/concurrent v0.0.0-20180306012644-bacd9c7ef1dd h1:TRLaZ9cD/w8PVh93nsPXa1VrQ6jlwL5oN8l14QlcNfg=
github.com/modern-go/reflect2 v1.0.2 h1:xBagoLtFs94CBntxluKeaWgTMpvLxC4ur3nMaC9Gz0M=
github.com/moricho/tparallel v0.2.1 h1:95FytivzT6rYzdJLdtfn6m1bfFJylOJK41+lgv/EHf4=
github.com/nakabonne/nestif v0.3.1 h1:wm28nZjhQY5HyYPx+weN3Q65k6ilSBxDb8v5S81B81U=
github.com/nbutton23/zxcvbn-go v0.0.0-20210217022336-fa2cb2858354 h1:4kuARK6Y6FxaNu/BnU2OAaLF86eTVhP2hjTB6iMvItA=
github.com/nishanths/exhaustive v0.8.1 h1:0QKNascWv9qIHY7zRoZSxeRr6kuk5aAT3YXLTiDmjTo=
github.com/nishanths/predeclared v0.2.2 h1:V2EPdZPliZymNAn79T8RkNApBjMmVKh5XRpLm/w98Vk=
github.com/olekukonko/tablewriter v0.0.5 h1:P2Ga83D34wi1o9J6Wh1mRuqd4mF/x/lgBS7N7AbDhec=
github.com/onsi/ginkgo v1.6.0/go.mod h1:lLunBs/Ym6LB5Z9jYTR76FiuTmxDTDusOGeTQH+WWjE=
github.com/onsi/ginkgo v1.7.0/go.mod h1:lLunBs/Ym6LB5Z9jYTR76FiuTmxDTDusOGeTQH+WWjE=
github.com/onsi/gomega v1.4.3/go.mod h1:ex+gbHU/CVuBBDIJjb2X0qEXbFg53c61hWP/1CpauHY=
github.com/pelletier/go-toml v1.9.5 h1:4yBQzkHv+7BHq2PQUZF3Mx0IYxG7LsP222s7Agd3ve8=
github.com/pelletier/go-toml/v2 v2.0.5 h1:ipoSadvV8oGUjnUbMub59IDPPwfxF694nG/jwbMiyQg=
github.com/petermattis/goid v0.0.0-20180202154549-b0b1615b78e5 h1:q2e307iGHPdTGp0hoxKjt1H5pDo6utceo3dQVK3I5XQ=
github.com/phayes/checkstyle v0.0.0-20170904204023-bfd46e6a821d h1:CdDQnGF8Nq9ocOS/xlSptM1N3BbrA6/kmaep5ggwaIA=
github.com/pkg/errors v0.9.1 h1:FEBLx1zS214owpjy7qsBeixbURkuhQAwrK5UwLGTwt4=
github.com/pkg/errors v0.9.1/go.mod h1:bwawxfHBFNV+L2hUp1rHADufV3IMtnDRdf1r5NINEl0=
github.com/pmezard/go-difflib v1.0.0 h1:4DBwDE0NGyQoBHbLQYPwSUPoCMWR5BEzIk/f1lZbAQM=
github.com/pmezard/go-difflib v1.0.0/go.mod h1:iKH77koFhYxTK1pcRnkKkqfTogsbg7gZNVY4sRDYZ/4=
github.com/polyfloyd/go-errorlint v1.0.2 h1:kp1yvHflYhTmw5m3MmBy8SCyQkKPjwDthVuMH0ug6Yk=
github.com/prometheus/client_golang v1.13.0 h1:b71QUfeo5M8gq2+evJdTPfZhYMAU0uKPkyPJ7TPsloU=
github.com/prometheus/client_model v0.2.0 h1:uq5h0d+GuxiXLJLNABMgp2qUWDPiLvgCzz2dUR+/W/M=
github.com/prometheus/common v0.37.0 h1:ccBbHCgIiT9uSoFY0vX8H3zsNR5eLt17/RQLUvn8pXE=
github.com/prometheus/procfs v0.8.0 h1:ODq8ZFEaYeCaZOJlZZdJA2AbQR98dSHSM1KW/You5mo=
github.com/quasilyte/go-ruleguard v0.3.17 h1:cDdoaSbQg11LXPDQqiCK54QmQXsEQQCTIgdcpeULGSI=
github.com/quasilyte/gogrep v0.0.0-20220120141003-628d8b3623b5 h1:PDWGei+Rf2bBiuZIbZmM20J2ftEy9IeUCHA8HbQqed8=
github.com/quasilyte/regex/syntax v0.0.0-20200407221936-30656e2c4a95 h1:L8QM9bvf68pVdQ3bCFZMDmnt9yqcMBro1pC7F+IPYMY=
github.com/quasilyte/stdinfo v0.0.0-20220114132959-f7386bf02567 h1:M8mH9eK4OUR4lu7Gd+PU1fV2/qnDNfzT635KRSObncs=
github.com/rcrowley/go-metrics v0.0.0-20201227073835-cf1acfcdf475 h1:N/ElC8H3+5XpJzTSTfLsJV/mx9Q9g7kxmchpfZyxgzM=
github.com/rinchsan/gosimports v0.1.5 h1:Z/l9lS79z0xgKC6fLJYmDdY44D0LFwo3MzaMtWvMKpY=
github.com/robfig/cron/v3 v3.0.0 h1:kQ6Cb7aHOHTSzNVNEhmp8EcWKLb4CbiMW9h9VyIhO4E=
github.com/rogpeppe/go-internal v1.8.0 h1:FCbCCtXNOY3UtUuHUYaghJg4y7Fd14rXifAYUAtL9R8=
github.com/rs/cors v1.8.2 h1:KCooALfAYGs415Cwu5ABvv9n9509fSiG5SQJn/AQo4U=
github.com/rs/xid v1.3.0/go.mod h1:trrq9SKmegXys3aeAKXMUTdJsYXVwGY3RLcfgqegfbg=
github.com/rs/zerolog v1.27.0 h1:1T7qCieN22GVc8S4Q2yuexzBb1EqjbgjSH9RohbMjKs=
github.com/rs/zerolog v1.27.0/go.mod h1:7frBqO0oezxmnO7GF86FY++uy8I0Tk/If5ni1G9Qc0U=
github.com/ryancurrah/gomodguard v1.2.4 h1:CpMSDKan0LtNGGhPrvupAoLeObRFjND8/tU1rEOtBp4=
github.com/ryanrolds/sqlclosecheck v0.3.0 h1:AZx+Bixh8zdUBxUA1NxbxVAS78vTPq4rCb8OUZI9xFw=
github.com/sanposhiho/wastedassign/v2 v2.0.6 h1:+6/hQIHKNJAUixEj6EmOngGIisyeI+T3335lYTyxRoA=
github.com/sasha-s/go-deadlock v0.3.1 h1:sqv7fDNShgjcaxkO0JNcOAlr8B9+cV5Ey/OB71efZx0=
github.com/sashamelentyev/interfacebloat v1.1.0 h1:xdRdJp0irL086OyW1H/RTZTr1h/tMEOsumirXcOJqAw=
github.com/sashamelentyev/usestdlibvars v1.13.0 h1:uObNudVEEHf6JbOJy5bgKJloA1bWjxR9fwgNFpPzKnI=
github.com/securego/gosec/v2 v2.13.1 h1:7mU32qn2dyC81MH9L2kefnQyRMUarfDER3iQyMHcjYM=
github.com/shazow/go-diff v0.0.0-20160112020656-b6b7b6733b8c h1:W65qqJCIOVP4jpqPQ0YvHYKwcMEMVWIzWC5iNQQfBTU=
github.com/sirupsen/logrus v1.9.0 h1:trlNQbNUG3OdDrDil03MCb1H2o9nJ1x4/5LYw7byDE0=
github.com/sivchari/containedctx v1.0.2 h1:0hLQKpgC53OVF1VT7CeoFHk9YKstur1XOgfYIc1yrHI=
github.com/sivchari/nosnakecase v1.7.0 h1:7QkpWIRMe8x25gckkFd2A5Pi6Ymo0qgr4JrhGt95do8=
github.com/sivchari/tenv v1.7.0 h1:d4laZMBK6jpe5PWepxlV9S+LC0yXqvYHiq8E6ceoVVE=
github.com/sonatard/noctx v0.0.1 h1:VC1Qhl6Oxx9vvWo3UDgrGXYCeKCe3Wbw7qAWL6FrmTY=
github.com/sourcegraph/go-diff v0.6.1 h1:hmA1LzxW0n1c3Q4YbrFgg4P99GSnebYa3x8gr0HZqLQ=
github.com/spf13/afero v1.8.2 h1:xehSyVa0YnHWsJ49JFljMpg1HX19V6NDZ1fkm1Xznbo=
github.com/spf13/cast v1.5.0 h1:rj3WzYc11XZaIZMPKmwP96zkFEnnAmV8s6XbB2aY32w=
github.com/spf13/cobra v1.5.0 h1:X+jTBEBqF0bHN+9cSMgmfuvv2VHJ9ezmFNf9Y/XstYU=
github.com/spf13/jwalterweatherman v1.1.0 h1:ue6voC5bR5F8YxI5S67j9i582FU4Qvo2bmqnqMYADFk=
github.com/spf13/pflag v1.0.5 h1:iy+VFUOCP1a+8yFto/drg2CJ5u0yRoB7fZw3DKv/JXA=
github.com/spf13/viper v1.13.0 h1:BWSJ/M+f+3nmdz9bxB+bWX28kkALN2ok11D0rSo8EJU=
github.com/ssgreg/nlreturn/v2 v2.2.1 h1:X4XDI7jstt3ySqGU86YGAURbxw3oTDPK9sPEi6YEwQ0=
github.com/stbenjam/no-sprintf-host-port v0.1.1 h1:tYugd/yrm1O0dV+ThCbaKZh195Dfm07ysF0U6JQXczc=
github.com/stretchr/objx v0.1.0/go.mod h1:HFkY916IF+rwdDfMAkV7OtwuqBVzrE8GR6GFx+wExME=
github.com/stretchr/objx v0.4.0/go.mod h1:YvHI0jy2hoMjB+UWwv71VJQ9isScKT/TqJzVSSt89Yw=
github.com/stretchr/objx v0.5.0 h1:1zr/of2m5FGMsad5YfcqgdqdWrIhu+EBEJRhR1U7z/c=
github.com/stretchr/objx v0.5.0/go.mod h1:Yh+to48EsGEfYuaHDzXPcE3xhTkx73EhmCGUpEOglKo=
github.com/stretchr/testify v1.6.1/go.mod h1:6Fq8oRcR53rry900zMqJjRRixrwX3KX962/h/Wwjteg=
github.com/stretchr/testify v1.7.0/go.mod h1:6Fq8oRcR53rry900zMqJjRRixrwX3KX962/h/Wwjteg=
github.com/stretchr/testify v1.7.1/go.mod h1:6Fq8oRcR53rry900zMqJjRRixrwX3KX962/h/Wwjteg=
github.com/stretchr/testify v1.8.0/go.mod h1:yNjHg4UonilssWZ8iaSj1OCr/vHnekPRkoO+kdMU+MU=
github.com/stretchr/testify v1.8.1 h1:w7B6lhMri9wdJUVmEZPGGhZzrYTPvgJArz7wNPgYKsk=
github.com/stretchr/testify v1.8.1/go.mod h1:w2LPCIKwWwSfY2zedu0+kehJoqGctiVI29o6fzry7u4=
github.com/subosito/gotenv v1.4.1 h1:jyEFiXpy21Wm81FBN71l9VoMMV8H8jG+qIK3GCpY6Qs=
github.com/sylvia7788/contextcheck v1.0.6 h1:o2EZgVPyMKE/Mtoqym61DInKEjwEbsmyoxg3VrmjNO4=
github.com/syndtr/goleveldb v1.0.1-0.20210819022825-2ae1ddf74ef7 h1:epCh84lMvA70Z7CTTCmYQn2CKbY8j86K7/FAIr141uY=
github.com/tdakkota/asciicheck v0.1.1 h1:PKzG7JUTUmVspQTDqtkX9eSiLGossXTybutHwTXuO0A=
github.com/tecbot/gorocksdb v0.0.0-20191217155057-f0fad39f321c h1:g+WoO5jjkqGAzHWCjJB1zZfXPIAaDpzXIEJ0eS6B5Ok=
github.com/tendermint/tendermint v0.37.0-rc1 h1:+m+u7s10QD+7vPh5MORrnYjulCdYtGuzjaqKumDKofY=
github.com/tendermint/tendermint v0.37.0-rc1/go.mod h1:z0MZllXL+s0PgIMMpf2P0PrMttQufQio3kUjY2zebeo=
github.com/tendermint/tm-db v0.6.6 h1:EzhaOfR0bdKyATqcd5PNeyeq8r+V4bRPHBfyFdD9kGM=
github.com/tetafro/godot v1.4.11 h1:BVoBIqAf/2QdbFmSwAWnaIqDivZdOV0ZRwEm6jivLKw=
github.com/timakin/bodyclose v0.0.0-20210704033933-f49887972144 h1:kl4KhGNsJIbDHS9/4U9yQo1UcPQM0kOMJHn29EoH/Ro=
github.com/timonwong/logrlint v0.1.0 h1:phZCcypL/vtx6cGxObJgWZ5wexZF5SXFPLOM+ru0e/M=
github.com/tomarrell/wrapcheck/v2 v2.6.2 h1:3dI6YNcrJTQ/CJQ6M/DUkc0gnqYSIk6o0rChn9E/D0M=
github.com/tommy-muehle/go-mnd/v2 v2.5.0 h1:iAj0a8e6+dXSL7Liq0aXPox36FiN1dBbjA6lt9fl65s=
github.com/ultraware/funlen v0.0.3 h1:5ylVWm8wsNwH5aWo9438pwvsK0QiqVuUrt9bn7S/iLA=
github.com/ultraware/whitespace v0.0.5 h1:hh+/cpIcopyMYbZNVov9iSxvJU3OYQg78Sfaqzi/CzI=
github.com/uudashr/gocognit v1.0.6 h1:2Cgi6MweCsdB6kpcVQp7EW4U23iBFQWfTXiWlyp842Y=
github.com/valyala/bytebufferpool v1.0.0 h1:GqA5TC/0021Y/b9FG4Oi9Mr3q7XYx6KllzawFIhcdPw=
github.com/valyala/bytebufferpool v1.0.0/go.mod h1:6bBcMArwyJ5K/AmCkWv1jt77kVWyCJ6HpOuEn7z0Csc=
github.com/valyala/fasttemplate v1.2.1 h1:TVEnxayobAdVkhQfrfes2IzOB6o+z4roRkPF52WA1u4=
github.com/valyala/fasttemplate v1.2.1/go.mod h1:KHLXt3tVN2HBp8eijSv/kGJopbvo7S+qRAEEKiv+SiQ=
github.com/yagipy/maintidx v1.0.0 h1:h5NvIsCz+nRDapQ0exNv4aJ0yXSI0420omVANTv3GJM=
github.com/ybbus/jsonrpc/v3 v3.1.4 h1:pPmgfWXnqR2GdIlealyCzmV6LV3nxm3w9gwA1B3cP3Y=
github.com/ybbus/jsonrpc/v3 v3.1.4/go.mod h1:4HQTl0UzErqWGa6bSXhp8rIjifMAMa55E4D5wdhe768=
github.com/yeya24/promlinter v0.2.0 h1:xFKDQ82orCU5jQujdaD8stOHiv8UN68BSdn2a8u8Y3o=
gitlab.com/accumulatenetwork/accumulate v1.0.3 h1:TNB4LqCGvnTDXAxOPw24kbJ0G3MBsiJrKOG9p7DhgVQ=
gitlab.com/accumulatenetwork/accumulate v1.0.3/go.mod h1:hBebYB2VDYKYl6JHjwL5LVX6cmL/jLz1eBufx++/QJg=
gitlab.com/bosi/decorder v0.2.3 h1:gX4/RgK16ijY8V+BRQHAySfQAb354T7/xQpDB2n10P0=
go.etcd.io/bbolt v1.3.6 h1:/ecaJf0sk1l4l6V4awd65v2C3ILy7MSj+s/x1ADCIMU=
go.etcd.io/etcd/api/v3 v3.5.4 h1:OHVyt3TopwtUQ2GKdd5wu3PmmipR4FTwCqoEjSyRdIc=
go.etcd.io/etcd/client/pkg/v3 v3.5.4 h1:lrneYvz923dvC14R54XcA7FXoZ3mlGZAgmwhfm7HqOg=
go.etcd.io/etcd/client/v3 v3.5.4 h1:p83BUL3tAYS0OT/r0qglgc3M1JjhM0diV8DSWAhVXv4=
go.opentelemetry.io/otel v1.10.0 h1:Y7DTJMR6zs1xkS/upamJYk0SxxN4C9AqRd77jmZnyY4=
go.opentelemetry.io/otel/exporters/stdout/stdouttrace v1.10.0 h1:c9UtMu/qnbLlVwTwt+ABrURrioEruapIslTDYZHJe2w=
go.opentelemetry.io/otel/sdk v1.10.0 h1:jZ6K7sVn04kk/3DNUdJ4mqRlGDiXAVuIG+MMENpTNdY=
go.opentelemetry.io/otel/trace v1.10.0 h1:npQMbR8o7mum8uF95yFbOEJffhs1sbCOfDh8zAJiH5E=
go.uber.org/atomic v1.9.0 h1:ECmE8Bn/WFTYwEW/bpKD3M8VtR/zQVbavAoalC1PYyE=
go.uber.org/multierr v1.8.0 h1:dg6GjLku4EH+249NNmoIciG9N/jURbDG+pFlTkhzIC8=
go.uber.org/zap v1.21.0 h1:WefMeulhovoZ2sYXz7st6K0sLj7bBhpiFaud4r4zST8=
golang.org/x/crypto v0.0.0-20170930174604-9419663f5a44/go.mod h1:6SG95UA2DQfeDnfUPMdvaQW0Q7yPrPDi9nlGo2tz2b4=
golang.org/x/crypto v0.0.0-20190308221718-c2843e01d9a2/go.mod h1:djNgcEr1/C05ACkg1iLfiJU5Ep61QUkGW8qpdssI0+w=
golang.org/x/crypto v0.0.0-20200115085410-6d4e4cb37c7d/go.mod h1:LzIPMQfyMNhhGPhUkYOs5KpL4U8rLKemX1yGLhDgUto=
golang.org/x/crypto v0.5.0 h1:U/0M97KRkSFvyD/3FSmdP5W5swImpNgle/EHFhOsQPE=
golang.org/x/crypto v0.5.0/go.mod h1:NK/OQwhpMQP3MwtdjgLlYHnH9ebylxKWv3e0fK+mkQU=
golang.org/x/exp v0.0.0-20220722155223-a9213eeb770e h1:+WEEuIdZHnUeJJmEUjyYC2gfUMj69yZXw17EnHg/otA=
golang.org/x/exp/typeparams v0.0.0-20220613132600-b0d781184e0d h1:+W8Qf4iJtMGKkyAygcKohjxTk4JPsL9DpzApJ22m5Ic=
golang.org/x/mod v0.6.0-dev.0.20220419223038-86c51ed26bb4 h1:6zppjxzCulZykYSLyVDYbneBfbaBIQPYMevg0bEwv2s=
golang.org/x/net v0.0.0-20180906233101-161cd47e91fd/go.mod h1:mL1N/T3taQHkDXs73rZJwtUhF3w3ftmwwsq0BUmARs4=
golang.org/x/net v0.0.0-20190404232315-eb5bcb51f2a3/go.mod h1:t9HGtf8HONx5eT2rtn7q6eTqICYqUVnKs3thJo3Qplg=
golang.org/x/net v0.5.0 h1:GyT4nK/YDHSqa1c4753ouYCDajOYKTja9Xb/OHtgvSw=
golang.org/x/sync v0.0.0-20180314180146-1d60e4601c6f/go.mod h1:RxMgew5VJxzue5/jJTE5uejpjVlOe/izrB70Jof72aM=
golang.org/x/sync v0.0.0-20220722155255-886fb9371eb4 h1:uVc8UZUe6tr40fFVnUP5Oj+veunVezqYl9z7DYw9xzw=
golang.org/x/sys v0.0.0-20180909124046-d0be0721c37e/go.mod h1:STP8DvDyc/dI5b8T5hshtkjS+E42TnysNCUPdjciGhY=
golang.org/x/sys v0.0.0-20190215142949-d0b11bdaac8a/go.mod h1:STP8DvDyc/dI5b8T5hshtkjS+E42TnysNCUPdjciGhY=
golang.org/x/sys v0.0.0-20190412213103-97732733099d/go.mod h1:h1NjWce9XRLGQEsW7wpKNCjG9DtNlClVuFLEZdDNbEs=
golang.org/x/sys v0.0.0-20201015000850-e3ed0017c211/go.mod h1:h1NjWce9XRLGQEsW7wpKNCjG9DtNlClVuFLEZdDNbEs=
golang.org/x/sys v0.0.0-20210630005230-0f9fa26af87c/go.mod h1:oPkhp1MJrh7nUepCBck5+mAzfO9JrbApNNgaTdGDITg=
golang.org/x/sys v0.0.0-20210927094055-39ccf1dd6fa6/go.mod h1:oPkhp1MJrh7nUepCBck5+mAzfO9JrbApNNgaTdGDITg=
golang.org/x/sys v0.0.0-20211103235746-7861aae1554b/go.mod h1:oPkhp1MJrh7nUepCBck5+mAzfO9JrbApNNgaTdGDITg=
golang.org/x/sys v0.0.0-20220811171246-fbc7d0a398ab/go.mod h1:oPkhp1MJrh7nUepCBck5+mAzfO9JrbApNNgaTdGDITg=
golang.org/x/sys v0.4.0 h1:Zr2JFtRQNX3BCZ8YtxRE9hNJYC8J6I1MVbMg6owUp18=
golang.org/x/sys v0.4.0/go.mod h1:oPkhp1MJrh7nUepCBck5+mAzfO9JrbApNNgaTdGDITg=
golang.org/x/term v0.4.0 h1:O7UWfv5+A2qiuulQk30kVinPoMtoIPeVaKLEgLpVkvg=
golang.org/x/text v0.3.0/go.mod h1:NqM8EUOU14njkJ3fqMW+pc6Ldnwhi/IjpwHt7yyuwOQ=
golang.org/x/text v0.6.0 h1:3XmdazWV+ubf7QgHSTWeykHOci5oeekaGJBLkrkaw4k=
golang.org/x/text v0.6.0/go.mod h1:mrYo+phRRbMaCq/xk9113O4dZlRixOauAjOtrjsXDZ8=
golang.org/x/tools v0.1.12 h1:VveCTK38A2rkS8ZqFY25HIDFscX5X9OoEhJd3quQmXU=
google.golang.org/genproto v0.0.0-20220725144611-272f38e5d71b h1:SfSkJugek6xm7lWywqth4r2iTrYLpD8lOj1nMIIhMNM=
google.golang.org/grpc v1.49.0 h1:WTLtQzmQori5FUH25Pq4WT22oCsv8USpQ+F6rqtsmxw=
google.golang.org/protobuf v1.28.1 h1:d0NfwRgPtno5B1Wa6L2DAG+KivqkdutMf1UhdNx175w=
gopkg.in/check.v1 v0.0.0-20161208181325-20d25e280405/go.mod h1:Co6ibVJAznAaIkqp8huTwlJQCZ016jof/cbN4VW5Yz0=
gopkg.in/check.v1 v1.0.0-20201130134442-10cb98267c6c h1:Hei/4ADfdWqJk1ZMxUNpqntNwaWcugrBjAiHlqqRiVk=
gopkg.in/fsnotify.v1 v1.4.7/go.mod h1:Tz8NjZHkW78fSQdbUxIjBTcgA1z1m8ZHf0WmKUhAMys=
gopkg.in/ini.v1 v1.67.0 h1:Dgnx+6+nfE+IfzjUEISNeydPJh9AXNNsWbGP9KzCsOA=
gopkg.in/tomb.v1 v1.0.0-20141024135613-dd632973f1e7/go.mod h1:dt/ZhP58zS4L8KSrWDmTeBkI65Dw0HsyUHuEVlX15mw=
gopkg.in/yaml.v2 v2.2.1/go.mod h1:hI93XBmqTisBFMUTm0b8Fm+jr3Dg1NNxqwp+5A1VGuI=
gopkg.in/yaml.v2 v2.4.0 h1:D8xgwECY7CYvx+Y2n4sBz93Jn9JRvxdiyyo8CTfuKaY=
gopkg.in/yaml.v3 v3.0.0-20200313102051-9f266ea9e77c/go.mod h1:K4uyk7z7BCEPqu6E+C64Yfv1cQ7kz7rIZviUmN+EgEM=
gopkg.in/yaml.v3 v3.0.0-20210107192922-496545a6307b/go.mod h1:K4uyk7z7BCEPqu6E+C64Yfv1cQ7kz7rIZviUmN+EgEM=
gopkg.in/yaml.v3 v3.0.1 h1:fxVm/GzAzEWqLHuvctI91KS9hhNmmWOoWu0XTYJS7CA=
gopkg.in/yaml.v3 v3.0.1/go.mod h1:K4uyk7z7BCEPqu6E+C64Yfv1cQ7kz7rIZviUmN+EgEM=
gotest.tools/gotestsum v1.7.0 h1:RwpqwwFKBAa2h+F6pMEGpE707Edld0etUD3GhqqhDNc=
honnef.co/go/tools v0.3.3 h1:oDx7VAwstgpYpb3wv0oxiZlxY+foCpRAwY7Vk6XpAgA=
mvdan.cc/gofumpt v0.3.1 h1:avhhrOmv0IuvQVK7fvwV91oFSGAk5/6Po8GXTzICeu8=
mvdan.cc/interfacer v0.0.0-20180901003855-c20040233aed h1:WX1yoOaKQfddO/mLzdV4wptyWgoH/6hwLs7QHTixo0I=
mvdan.cc/lint v0.0.0-20170908181259-adc824a0674b h1:DxJ5nJdkhDlLok9K6qO+5290kphDJbHOQO1DFFFTeBo=
mvdan.cc/unparam v0.0.0-20220706161116-678bad134442 h1:seuXWbRB1qPrS3NQnHmFKLJLtskWyueeIzmLXghMGgk=
